{
    "_readme": [
        "This file locks the dependencies of your project to a known state",
        "Read more about it at https://getcomposer.org/doc/01-basic-usage.md#installing-dependencies",
        "This file is @generated automatically"
    ],
    "content-hash": "026df4312a571f6a8793e50966d6e795",
    "packages": [
        {
            "name": "dflydev/fig-cookies",
            "version": "v2.0.0",
            "source": {
                "type": "git",
                "url": "https://github.com/dflydev/dflydev-fig-cookies.git",
                "reference": "a59857139b9e30978b5b802b3631b5eaf34e8c66"
            },
            "dist": {
                "type": "zip",
                "url": "https://api.github.com/repos/dflydev/dflydev-fig-cookies/zipball/a59857139b9e30978b5b802b3631b5eaf34e8c66",
                "reference": "a59857139b9e30978b5b802b3631b5eaf34e8c66",
                "shasum": "",
                "mirrors": [
                    {
                        "url": "https://dl.laravel-china.org/%package%/%reference%.%type%",
                        "preferred": true
                    }
                ]
            },
            "require": {
                "ext-pcre": "*",
                "php": "^7.2",
                "psr/http-message": "^1"
            },
            "require-dev": {
                "doctrine/coding-standard": "^4",
                "phpstan/phpstan": "^0.10.1",
                "phpunit/phpunit": "^7.2.6",
                "squizlabs/php_codesniffer": "^3.3"
            },
            "type": "library",
            "extra": {
                "branch-alias": {
                    "dev-master": "2.0.x-dev"
                }
            },
            "autoload": {
                "psr-4": {
                    "Dflydev\\FigCookies\\": "src/Dflydev/FigCookies"
                }
            },
            "notification-url": "https://packagist.org/downloads/",
            "license": [
                "MIT"
            ],
            "authors": [
                {
                    "name": "Beau Simensen",
                    "email": "beau@dflydev.com"
                }
            ],
            "description": "Cookies for PSR-7 HTTP Message Interface.",
            "keywords": [
                "cookies",
                "psr-7",
                "psr7"
            ],
            "time": "2018-07-11T06:54:37+00:00"
        },
        {
            "name": "greadog/framework",
            "version": "dev-master",
            "dist": {
                "type": "path",
                "url": "/Users/hooklife/Projects/framework",
                "reference": "a4c6443904eaf757b59f01ce4549bd0ff3bb628d"
            },
            "require": {
                "league/container": "^3.2",
                "swoft/swoole-ide-helper": "^4.3"
            },
            "type": "library",
            "autoload": {
                "psr-4": {
                    "Greadog\\": "src/"
                }
            },
            "authors": [
                {
                    "name": "hooklife",
                    "email": "miaogaopeng123@gmail.com"
                }
            ]
        },
        {
            "name": "ilexn/swoole-convent-psr7",
            "version": "dev-master",
            "source": {
                "type": "git",
                "url": "https://github.com/iLexN/swoole-psr7",
                "reference": "2c2c4be844dcc1f9d64c92f16907d4863ef2e3c8"
            },
            "require": {
                "dflydev/fig-cookies": "^2.0",
                "ext-swoole": "*",
                "php": "^7.2"
            },
            "require-dev": {
                "eaglewu/swoole-ide-helper": "dev-master",
                "nyholm/psr7": "^1.1",
                "phpstan/phpstan": "^0.11.0",
                "phpstan/phpstan-phpunit": "^0.11.0",
                "phpstan/phpstan-strict-rules": "^0.11.0",
                "phpunit/phpunit": "^8.0",
                "symfony/var-dumper": "^4.2",
                "symplify/easy-coding-standard": "^5.4"
            },
            "type": "library",
            "autoload": {
                "psr-4": {
                    "Ilex\\SwoolePsr7\\": "src"
                }
            },
            "autoload-dev": {
                "psr-4": {
                    "Ilex\\SwoolePsr7\\Tests\\": "tests"
                }
            },
            "scripts": {
                "test": [
                    "phpunit --coverage-text"
                ],
                "test-coverage": [
                    "phpunit --coverage-text"
                ],
                "cs-check": [
                    "ecs check src tests"
                ],
                "cs-fix": [
                    "ecs check src tests --fix"
                ],
                "bug-check": [
                    "phpstan analyse -l max src tests"
                ]
            },
            "authors": [
                {
                    "name": "iLexN",
                    "email": "ilex.job@gmail.com"
                }
            ],
            "time": "2019-06-04T04:49:57+00:00"
        },
        {
            "name": "league/container",
            "version": "3.2.2",
            "source": {
                "type": "git",
                "url": "https://github.com/thephpleague/container.git",
                "reference": "fa38155fa392ad2ed05fb6418e9d9d58064c7e76"
            },
            "dist": {
                "type": "zip",
                "url": "https://api.github.com/repos/thephpleague/container/zipball/fa38155fa392ad2ed05fb6418e9d9d58064c7e76",
                "reference": "fa38155fa392ad2ed05fb6418e9d9d58064c7e76",
                "shasum": "",
                "mirrors": [
                    {
                        "url": "https://dl.laravel-china.org/%package%/%reference%.%type%",
                        "preferred": true
                    }
                ]
            },
            "require": {
                "php": "^7.0",
                "psr/container": "^1.0"
            },
            "provide": {
                "psr/container-implementation": "^1.0"
            },
            "replace": {
                "orno/di": "~2.0"
            },
            "require-dev": {
                "phpunit/phpunit": "^6.0",
                "squizlabs/php_codesniffer": "^3.3"
            },
            "type": "library",
            "extra": {
                "branch-alias": {
                    "dev-3.x": "3.x-dev",
                    "dev-2.x": "2.x-dev",
                    "dev-1.x": "1.x-dev"
                }
            },
            "autoload": {
                "psr-4": {
                    "League\\Container\\": "src"
                }
            },
            "notification-url": "https://packagist.org/downloads/",
            "license": [
                "MIT"
            ],
            "authors": [
                {
                    "name": "Phil Bennett",
                    "email": "philipobenito@gmail.com",
                    "homepage": "http://www.philipobenito.com",
                    "role": "Developer"
                }
            ],
            "description": "A fast and intuitive dependency injection container.",
            "homepage": "https://github.com/thephpleague/container",
            "keywords": [
                "container",
                "dependency",
                "di",
                "injection",
                "league",
                "provider",
                "service"
            ],
            "time": "2018-09-28T13:24:15+00:00"
        },
        {
            "name": "league/route",
            "version": "4.2.0",
            "source": {
                "type": "git",
                "url": "https://github.com/thephpleague/route.git",
                "reference": "bf47eec368763c7d35986eefa5a1891b9a3c002f"
            },
            "dist": {
                "type": "zip",
                "url": "https://api.github.com/repos/thephpleague/route/zipball/bf47eec368763c7d35986eefa5a1891b9a3c002f",
                "reference": "bf47eec368763c7d35986eefa5a1891b9a3c002f",
                "shasum": "",
                "mirrors": [
                    {
                        "url": "https://dl.laravel-china.org/%package%/%reference%.%type%",
                        "preferred": true
                    }
                ]
            },
            "require": {
                "nikic/fast-route": "^1.0",
                "php": ">=7.1",
                "psr/container": "^1.0",
                "psr/http-factory": "^1.0",
                "psr/http-message": "^1.0",
                "psr/http-server-handler": "^1.0",
                "psr/http-server-middleware": "^1.0"
            },
            "replace": {
                "orno/http": "~1.0",
                "orno/route": "~1.0"
            },
            "require-dev": {
                "phpstan/phpstan": "^0.10.3",
                "phpstan/phpstan-phpunit": "^0.10.0",
                "phpunit/phpunit": "^7.0",
                "squizlabs/php_codesniffer": "^3.3"
            },
            "type": "library",
            "extra": {
                "branch-alias": {
                    "dev-4.x": "4.x-dev",
                    "dev-3.x": "3.x-dev",
                    "dev-2.x": "2.x-dev",
                    "dev-1.x": "1.x-dev"
                }
            },
            "autoload": {
                "psr-4": {
                    "League\\Route\\": "src"
                }
            },
            "notification-url": "https://packagist.org/downloads/",
            "license": [
                "MIT"
            ],
            "authors": [
                {
                    "name": "Phil Bennett",
                    "email": "philipobenito@gmail.com",
                    "role": "Developer"
                }
            ],
            "description": "Fast routing and dispatch component including PSR-15 middleware, built on top of FastRoute.",
            "homepage": "https://github.com/thephpleague/route",
            "keywords": [
                "dispatcher",
                "league",
                "psr-15",
                "psr-7",
                "psr15",
                "psr7",
                "route",
                "router"
            ],
            "time": "2018-10-16T12:52:48+00:00"
        },
        {
            "name": "nikic/fast-route",
            "version": "v1.3.0",
            "source": {
                "type": "git",
                "url": "https://github.com/nikic/FastRoute.git",
                "reference": "181d480e08d9476e61381e04a71b34dc0432e812"
            },
            "dist": {
                "type": "zip",
                "url": "https://api.github.com/repos/nikic/FastRoute/zipball/181d480e08d9476e61381e04a71b34dc0432e812",
                "reference": "181d480e08d9476e61381e04a71b34dc0432e812",
                "shasum": "",
                "mirrors": [
                    {
                        "url": "https://dl.laravel-china.org/%package%/%reference%.%type%",
                        "preferred": true
                    }
                ]
            },
            "require": {
                "php": ">=5.4.0"
            },
            "require-dev": {
                "phpunit/phpunit": "^4.8.35|~5.7"
            },
            "type": "library",
            "autoload": {
                "psr-4": {
                    "FastRoute\\": "src/"
                },
                "files": [
                    "src/functions.php"
                ]
            },
            "notification-url": "https://packagist.org/downloads/",
            "license": [
                "BSD-3-Clause"
            ],
            "authors": [
                {
                    "name": "Nikita Popov",
                    "email": "nikic@php.net"
                }
            ],
            "description": "Fast request router for PHP",
            "keywords": [
                "router",
                "routing"
            ],
            "time": "2018-02-13T20:26:39+00:00"
        },
        {
            "name": "psr/container",
            "version": "1.0.0",
            "source": {
                "type": "git",
                "url": "https://github.com/php-fig/container.git",
                "reference": "b7ce3b176482dbbc1245ebf52b181af44c2cf55f"
            },
            "dist": {
                "type": "zip",
                "url": "https://api.github.com/repos/php-fig/container/zipball/b7ce3b176482dbbc1245ebf52b181af44c2cf55f",
                "reference": "b7ce3b176482dbbc1245ebf52b181af44c2cf55f",
                "shasum": "",
                "mirrors": [
                    {
                        "url": "https://dl.laravel-china.org/%package%/%reference%.%type%",
                        "preferred": true
                    }
                ]
            },
            "require": {
                "php": ">=5.3.0"
            },
            "type": "library",
            "extra": {
                "branch-alias": {
                    "dev-master": "1.0.x-dev"
                }
            },
            "autoload": {
                "psr-4": {
                    "Psr\\Container\\": "src/"
                }
            },
            "notification-url": "https://packagist.org/downloads/",
            "license": [
                "MIT"
            ],
            "authors": [
                {
                    "name": "PHP-FIG",
                    "homepage": "http://www.php-fig.org/"
                }
            ],
            "description": "Common Container Interface (PHP FIG PSR-11)",
            "homepage": "https://github.com/php-fig/container",
            "keywords": [
                "PSR-11",
                "container",
                "container-interface",
                "container-interop",
                "psr"
            ],
            "time": "2017-02-14T16:28:37+00:00"
        },
        {
            "name": "psr/http-factory",
            "version": "1.0.1",
            "source": {
                "type": "git",
                "url": "https://github.com/php-fig/http-factory.git",
                "reference": "12ac7fcd07e5b077433f5f2bee95b3a771bf61be"
            },
            "dist": {
                "type": "zip",
                "url": "https://api.github.com/repos/php-fig/http-factory/zipball/12ac7fcd07e5b077433f5f2bee95b3a771bf61be",
                "reference": "12ac7fcd07e5b077433f5f2bee95b3a771bf61be",
                "shasum": "",
                "mirrors": [
                    {
                        "url": "https://dl.laravel-china.org/%package%/%reference%.%type%",
                        "preferred": true
                    }
                ]
            },
            "require": {
                "php": ">=7.0.0",
                "psr/http-message": "^1.0"
            },
            "type": "library",
            "extra": {
                "branch-alias": {
                    "dev-master": "1.0.x-dev"
                }
            },
            "autoload": {
                "psr-4": {
                    "Psr\\Http\\Message\\": "src/"
                }
            },
            "notification-url": "https://packagist.org/downloads/",
            "license": [
                "MIT"
            ],
            "authors": [
                {
                    "name": "PHP-FIG",
                    "homepage": "http://www.php-fig.org/"
                }
            ],
            "description": "Common interfaces for PSR-7 HTTP message factories",
            "keywords": [
                "factory",
                "http",
                "message",
                "psr",
                "psr-17",
                "psr-7",
                "request",
                "response"
            ],
            "time": "2019-04-30T12:38:16+00:00"
        },
        {
            "name": "psr/http-message",
            "version": "1.0.1",
            "source": {
                "type": "git",
                "url": "https://github.com/php-fig/http-message.git",
                "reference": "f6561bf28d520154e4b0ec72be95418abe6d9363"
            },
            "dist": {
                "type": "zip",
                "url": "https://api.github.com/repos/php-fig/http-message/zipball/f6561bf28d520154e4b0ec72be95418abe6d9363",
                "reference": "f6561bf28d520154e4b0ec72be95418abe6d9363",
                "shasum": "",
                "mirrors": [
                    {
                        "url": "https://dl.laravel-china.org/%package%/%reference%.%type%",
                        "preferred": true
                    }
                ]
            },
            "require": {
                "php": ">=5.3.0"
            },
            "type": "library",
            "extra": {
                "branch-alias": {
                    "dev-master": "1.0.x-dev"
                }
            },
            "autoload": {
                "psr-4": {
                    "Psr\\Http\\Message\\": "src/"
                }
            },
            "notification-url": "https://packagist.org/downloads/",
            "license": [
                "MIT"
            ],
            "authors": [
                {
                    "name": "PHP-FIG",
                    "homepage": "http://www.php-fig.org/"
                }
            ],
            "description": "Common interface for HTTP messages",
            "homepage": "https://github.com/php-fig/http-message",
            "keywords": [
                "http",
                "http-message",
                "psr",
                "psr-7",
                "request",
                "response"
            ],
            "time": "2016-08-06T14:39:51+00:00"
        },
        {
            "name": "psr/http-server-handler",
            "version": "1.0.1",
            "source": {
                "type": "git",
                "url": "https://github.com/php-fig/http-server-handler.git",
                "reference": "aff2f80e33b7f026ec96bb42f63242dc50ffcae7"
            },
            "dist": {
                "type": "zip",
                "url": "https://api.github.com/repos/php-fig/http-server-handler/zipball/aff2f80e33b7f026ec96bb42f63242dc50ffcae7",
                "reference": "aff2f80e33b7f026ec96bb42f63242dc50ffcae7",
                "shasum": "",
                "mirrors": [
                    {
                        "url": "https://dl.laravel-china.org/%package%/%reference%.%type%",
                        "preferred": true
                    }
                ]
            },
            "require": {
                "php": ">=7.0",
                "psr/http-message": "^1.0"
            },
            "type": "library",
            "extra": {
                "branch-alias": {
                    "dev-master": "1.0.x-dev"
                }
            },
            "autoload": {
                "psr-4": {
                    "Psr\\Http\\Server\\": "src/"
                }
            },
            "notification-url": "https://packagist.org/downloads/",
            "license": [
                "MIT"
            ],
            "authors": [
                {
                    "name": "PHP-FIG",
                    "homepage": "http://www.php-fig.org/"
                }
            ],
            "description": "Common interface for HTTP server-side request handler",
            "keywords": [
                "handler",
                "http",
                "http-interop",
                "psr",
                "psr-15",
                "psr-7",
                "request",
                "response",
                "server"
            ],
            "time": "2018-10-30T16:46:14+00:00"
        },
        {
            "name": "psr/http-server-middleware",
            "version": "1.0.1",
            "source": {
                "type": "git",
                "url": "https://github.com/php-fig/http-server-middleware.git",
                "reference": "2296f45510945530b9dceb8bcedb5cb84d40c5f5"
            },
            "dist": {
                "type": "zip",
                "url": "https://api.github.com/repos/php-fig/http-server-middleware/zipball/2296f45510945530b9dceb8bcedb5cb84d40c5f5",
                "reference": "2296f45510945530b9dceb8bcedb5cb84d40c5f5",
                "shasum": "",
                "mirrors": [
                    {
                        "url": "https://dl.laravel-china.org/%package%/%reference%.%type%",
                        "preferred": true
                    }
                ]
            },
            "require": {
                "php": ">=7.0",
                "psr/http-message": "^1.0",
                "psr/http-server-handler": "^1.0"
            },
            "type": "library",
            "extra": {
                "branch-alias": {
                    "dev-master": "1.0.x-dev"
                }
            },
            "autoload": {
                "psr-4": {
                    "Psr\\Http\\Server\\": "src/"
                }
            },
            "notification-url": "https://packagist.org/downloads/",
            "license": [
                "MIT"
            ],
            "authors": [
                {
                    "name": "PHP-FIG",
                    "homepage": "http://www.php-fig.org/"
                }
            ],
            "description": "Common interface for HTTP server-side middleware",
            "keywords": [
                "http",
                "http-interop",
                "middleware",
                "psr",
                "psr-15",
                "psr-7",
                "request",
                "response"
            ],
            "time": "2018-10-30T17:12:04+00:00"
        },
        {
            "name": "swoft/swoole-ide-helper",
            "version": "v4.3.3",
            "source": {
                "type": "git",
                "url": "https://github.com/swoft-cloud/swoole-ide-helper.git",
                "reference": "858f83953813e0f6643e221793adeabcc71f5be5"
            },
            "dist": {
                "type": "zip",
                "url": "https://api.github.com/repos/swoft-cloud/swoole-ide-helper/zipball/858f83953813e0f6643e221793adeabcc71f5be5",
                "reference": "858f83953813e0f6643e221793adeabcc71f5be5",
                "shasum": "",
                "mirrors": [
                    {
                        "url": "https://dl.laravel-china.org/%package%/%reference%.%type%",
                        "preferred": true
                    }
                ]
            },
            "type": "library",
            "notification-url": "https://packagist.org/downloads/",
            "license": [
                "Apache-2.0"
            ],
            "description": "ide helper for Swoft and Swoole",
            "keywords": [
                "ide-helper",
                "php",
                "swoft",
                "swoole"
            ],
            "time": "2019-05-02T10:07:59+00:00"
        }
    ],
    "packages-dev": [],
    "aliases": [],
    "minimum-stability": "stable",
    "stability-flags": {
        "greadog/framework": 20,
        "ilexn/swoole-convent-psr7": 20
    },
    "prefer-stable": false,
    "prefer-lowest": false,
    "platform": [],
    "platform-dev": []
}
